<?xml version="1.0" encoding="utf-8"?>
<Project ToolsVersion="4.0" xmlns="http://schemas.microsoft.com/developer/msbuild/2003">
  <ItemGroup>
    <Filter Include="Source Files">
      <UniqueIdentifier>{ef8e35fa-8de4-4a1b-99da-f11500dd2842}</UniqueIdentifier>
      <Extensions>cpp;c;cxx;rc;def;r;odl;idl;hpj;bat</Extensions>
    </Filter>
    <Filter Include="Source Files\BillStuff Source">
      <UniqueIdentifier>{32a99832-d553-414a-b74e-f9e0c98bc3be}</UniqueIdentifier>
    </Filter>
    <Filter Include="Source Files\engine source">
      <UniqueIdentifier>{141da763-b0a0-4734-9f50-839003d8aeea}</UniqueIdentifier>
    </Filter>
    <Filter Include="Header Files">
      <UniqueIdentifier>{0cf34f94-d665-49fe-845f-664fc98a07b7}</UniqueIdentifier>
      <Extensions>h;hpp;hxx;hm;inl</Extensions>
    </Filter>
    <Filter Include="Header Files\BillStuff Headers">
      <UniqueIdentifier>{8baf1e7e-22cd-44f2-8273-0fdb4fd3e741}</UniqueIdentifier>
    </Filter>
    <Filter Include="Header Files\engine headers">
      <UniqueIdentifier>{51f8f4b3-249f-4e55-ae63-d5292c3573a1}</UniqueIdentifier>
    </Filter>
    <Filter Include="Resource Files">
      <UniqueIdentifier>{8edf05cf-d577-412f-9ccb-1ff8965af171}</UniqueIdentifier>
      <Extensions>ico;cur;bmp;dlg;rc2;rct;bin;rgs;gif;jpg;jpeg;jpe</Extensions>
    </Filter>
  </ItemGroup>
  <ItemGroup>
    <ClCompile Include="BillStuff\addons.cpp">
      <Filter>Source Files\BillStuff Source</Filter>
    </ClCompile>
    <ClCompile Include="BillStuff\autorecord.cpp">
      <Filter>Source Files\BillStuff Source</Filter>
    </ClCompile>
    <ClCompile Include="BillStuff\commandpoint.cpp">
      <Filter>Source Files\BillStuff Source</Filter>
    </ClCompile>
    <ClCompile Include="BillStuff\fb.cpp">
      <Filter>Source Files\BillStuff Source</Filter>
    </ClCompile>
    <ClCompile Include="BillStuff\flagstatus.cpp">
      <Filter>Source Files\BillStuff Source</Filter>
    </ClCompile>
    <ClCompile Include="BillStuff\glhook.cpp">
      <Filter>Source Files\BillStuff Source</Filter>
    </ClCompile>
    <ClCompile Include="BillStuff\help.cpp">
      <Filter>Source Files\BillStuff Source</Filter>
    </ClCompile>
    <ClCompile Include="BillStuff\hook.cpp">
      <Filter>Source Files\BillStuff Source</Filter>
    </ClCompile>
    <ClCompile Include="BillStuff\irc.cpp">
      <Filter>Source Files\BillStuff Source</Filter>
    </ClCompile>
    <ClCompile Include="BillStuff\kselookup.cpp">
      <Filter>Source Files\BillStuff Source</Filter>
    </ClCompile>
    <ClCompile Include="BillStuff\laserstatus.cpp">
      <Filter>Source Files\BillStuff Source</Filter>
    </ClCompile>
    <ClCompile Include="BillStuff\location.cpp">
      <Filter>Source Files\BillStuff Source</Filter>
    </ClCompile>
    <ClCompile Include="BillStuff\logging.cpp">
      <Filter>Source Files\BillStuff Source</Filter>
    </ClCompile>
    <ClCompile Include="BillStuff\logo.cpp">
      <Filter>Source Files\BillStuff Source</Filter>
    </ClCompile>
    <ClCompile Include="BillStuff\mempatcher.cpp">
      <Filter>Source Files\BillStuff Source</Filter>
    </ClCompile>
    <ClCompile Include="BillStuff\menu.cpp">
      <Filter>Source Files\BillStuff Source</Filter>
    </ClCompile>
    <ClCompile Include="BillStuff\playerinfo.cpp">
      <Filter>Source Files\BillStuff Source</Filter>
    </ClCompile>
    <ClCompile Include="pm_shared\pm_math.c">
      <Filter>Source Files\BillStuff Source</Filter>
    </ClCompile>
    <ClCompile Include="pm_shared\pm_shared.c">
      <Filter>Source Files\BillStuff Source</Filter>
    </ClCompile>
    <ClCompile Include="BillStuff\retry.cpp">
      <Filter>Source Files\BillStuff Source</Filter>
    </ClCompile>
    <ClCompile Include="BillStuff\RTFM.cpp">
      <Filter>Source Files\BillStuff Source</Filter>
    </ClCompile>
    <ClCompile Include="BillStuff\rulesmanager.cpp">
      <Filter>Source Files\BillStuff Source</Filter>
    </ClCompile>
    <ClCompile Include="BillStuff\soundpatch.cpp">
      <Filter>Source Files\BillStuff Source</Filter>
    </ClCompile>
    <ClCompile Include="BillStuff\spammeter.cpp">
      <Filter>Source Files\BillStuff Source</Filter>
    </ClCompile>
    <ClCompile Include="BillStuff\speedos.cpp">
      <Filter>Source Files\BillStuff Source</Filter>
    </ClCompile>
    <ClCompile Include="BillStuff\stats.cpp">
      <Filter>Source Files\BillStuff Source</Filter>
    </ClCompile>
    <ClCompile Include="BillStuff\superhud.cpp">
      <Filter>Source Files\BillStuff Source</Filter>
    </ClCompile>
    <ClCompile Include="BillStuff\timers.cpp">
      <Filter>Source Files\BillStuff Source</Filter>
    </ClCompile>
    <ClCompile Include="BillStuff\triggers.cpp">
      <Filter>Source Files\BillStuff Source</Filter>
    </ClCompile>
    <ClCompile Include="BillStuff\util.cpp">
      <Filter>Source Files\BillStuff Source</Filter>
    </ClCompile>
    <ClCompile Include="BillStuff\winamp.cpp">
      <Filter>Source Files\BillStuff Source</Filter>
    </ClCompile>
    <ClCompile Include="BillStuff\wonid.cpp">
      <Filter>Source Files\BillStuff Source</Filter>
    </ClCompile>
    <ClCompile Include="Engine\parsemsg.cpp">
      <Filter>Source Files\engine source</Filter>
    </ClCompile>
    <ClCompile Include="Client.cpp">
      <Filter>Source Files</Filter>
    </ClCompile>
    <ClCompile Include="enginehook.cpp">
      <Filter>Source Files</Filter>
    </ClCompile>
    <ClCompile Include="hookmessages.cpp">
      <Filter>Source Files</Filter>
    </ClCompile>
    <ClCompile Include="RedirectFunction.cpp">
      <Filter>Source Files</Filter>
    </ClCompile>
    <ClCompile Include="Engine\valve-util.cpp">
      <Filter>Source Files</Filter>
    </ClCompile>
    <ClCompile Include="WinMain.cpp">
      <Filter>Source Files</Filter>
    </ClCompile>
  </ItemGroup>
  <ItemGroup>
    <ClInclude Include="BillStuff\addons.h">
      <Filter>Header Files\BillStuff Headers</Filter>
    </ClInclude>
    <ClInclude Include="BillStuff\autorecord.h">
      <Filter>Header Files\BillStuff Headers</Filter>
    </ClInclude>
    <ClInclude Include="BillStuff\commandpoint.h">
      <Filter>Header Files\BillStuff Headers</Filter>
    </ClInclude>
    <ClInclude Include="BillStuff\fb.h">
      <Filter>Header Files\BillStuff Headers</Filter>
    </ClInclude>
    <ClInclude Include="BillStuff\flagstatus.h">
      <Filter>Header Files\BillStuff Headers</Filter>
    </ClInclude>
    <ClInclude Include="BillStuff\foxbotarea.h">
      <Filter>Header Files\BillStuff Headers</Filter>
    </ClInclude>
    <ClInclude Include="BillStuff\glhook.h">
      <Filter>Header Files\BillStuff Headers</Filter>
    </ClInclude>
    <ClInclude Include="BillStuff\help.h">
      <Filter>Header Files\BillStuff Headers</Filter>
    </ClInclude>
    <ClInclude Include="BillStuff\hook.h">
      <Filter>Header Files\BillStuff Headers</Filter>
    </ClInclude>
    <ClInclude Include="BillStuff\irc.h">
      <Filter>Header Files\BillStuff Headers</Filter>
    </ClInclude>
    <ClInclude Include="BillStuff\kselookup.h">
      <Filter>Header Files\BillStuff Headers</Filter>
    </ClInclude>
    <ClInclude Include="BillStuff\laserstatus.h">
      <Filter>Header Files\BillStuff Headers</Filter>
    </ClInclude>
    <ClInclude Include="BillStuff\location.h">
      <Filter>Header Files\BillStuff Headers</Filter>
    </ClInclude>
    <ClInclude Include="BillStuff\logging.h">
      <Filter>Header Files\BillStuff Headers</Filter>
    </ClInclude>
    <ClInclude Include="BillStuff\logo.h">
      <Filter>Header Files\BillStuff Headers</Filter>
    </ClInclude>
    <ClInclude Include="BillStuff\mempatcher.h">
      <Filter>Header Files\BillStuff Headers</Filter>
    </ClInclude>
    <ClInclude Include="BillStuff\menu.h">
      <Filter>Header Files\BillStuff Headers</Filter>
    </ClInclude>
    <ClInclude Include="BillStuff\playerinfo.h">
      <Filter>Header Files\BillStuff Headers</Filter>
    </ClInclude>
    <ClInclude Include="pm_shared\pm_shared.h">
      <Filter>Header Files\BillStuff Headers</Filter>
    </ClInclude>
    <ClInclude Include="BillStuff\retry.h">
      <Filter>Header Files\BillStuff Headers</Filter>
    </ClInclude>
    <ClInclude Include="BillStuff\RTFM.h">
      <Filter>Header Files\BillStuff Headers</Filter>
    </ClInclude>
    <ClInclude Include="BillStuff\rulesmanager.h">
      <Filter>Header Files\BillStuff Headers</Filter>
    </ClInclude>
    <ClInclude Include="BillStuff\soundpatch.h">
      <Filter>Header Files\BillStuff Headers</Filter>
    </ClInclude>
    <ClInclude Include="BillStuff\spammeter.h">
      <Filter>Header Files\BillStuff Headers</Filter>
    </ClInclude>
    <ClInclude Include="BillStuff\speedos.h">
      <Filter>Header Files\BillStuff Headers</Filter>
    </ClInclude>
    <ClInclude Include="BillStuff\stats.h">
      <Filter>Header Files\BillStuff Headers</Filter>
    </ClInclude>
    <ClInclude Include="BillStuff\superhud.h">
      <Filter>Header Files\BillStuff Headers</Filter>
    </ClInclude>
    <ClInclude Include="BillStuff\timers.h">
      <Filter>Header Files\BillStuff Headers</Filter>
    </ClInclude>
    <ClInclude Include="BillStuff\triggers.h">
      <Filter>Header Files\BillStuff Headers</Filter>
    </ClInclude>
    <ClInclude Include="BillStuff\util.h">
      <Filter>Header Files\BillStuff Headers</Filter>
    </ClInclude>
    <ClInclude Include="BillStuff\winamp.h">
      <Filter>Header Files\BillStuff Headers</Filter>
    </ClInclude>
    <ClInclude Include="BillStuff\wonid.h">
      <Filter>Header Files\BillStuff Headers</Filter>
    </ClInclude>
    <ClInclude Include="Engine\beamdef.h">
      <Filter>Header Files\engine headers</Filter>
    </ClInclude>
    <ClInclude Include="Engine\cdll_dll.h">
      <Filter>Header Files\engine headers</Filter>
    </ClInclude>
    <ClInclude Include="Engine\cdll_engine_dll.h">
      <Filter>Header Files\engine headers</Filter>
    </ClInclude>
    <ClInclude Include="Engine\cdll_int.h">
      <Filter>Header Files\engine headers</Filter>
    </ClInclude>
    <ClInclude Include="Engine\cl_dll.h">
      <Filter>Header Files\engine headers</Filter>
    </ClInclude>
    <ClInclude Include="Engine\cl_entity.h">
      <Filter>Header Files\engine headers</Filter>
    </ClInclude>
    <ClInclude Include="Engine\cl_util.h">
      <Filter>Header Files\engine headers</Filter>
    </ClInclude>
    <ClInclude Include="Engine\com_model.h">
      <Filter>Header Files\engine headers</Filter>
    </ClInclude>
    <ClInclude Include="Engine\const.h">
      <Filter>Header Files\engine headers</Filter>
    </ClInclude>
    <ClInclude Include="Engine\crc.h">
      <Filter>Header Files\engine headers</Filter>
    </ClInclude>
    <ClInclude Include="Engine\custom.h">
      <Filter>Header Files\engine headers</Filter>
    </ClInclude>
    <ClInclude Include="Engine\customentity.h">
      <Filter>Header Files\engine headers</Filter>
    </ClInclude>
    <ClInclude Include="Engine\cvardef.h">
      <Filter>Header Files\engine headers</Filter>
    </ClInclude>
    <ClInclude Include="Engine\demo_api.h">
      <Filter>Header Files\engine headers</Filter>
    </ClInclude>
    <ClInclude Include="Engine\director_cmds.h">
      <Filter>Header Files\engine headers</Filter>
    </ClInclude>
    <ClInclude Include="Engine\dlight.h">
      <Filter>Header Files\engine headers</Filter>
    </ClInclude>
    <ClInclude Include="Engine\edict.h">
      <Filter>Header Files\engine headers</Filter>
    </ClInclude>
    <ClInclude Include="Engine\eiface.h">
      <Filter>Header Files\engine headers</Filter>
    </ClInclude>
    <ClInclude Include="Engine\entity_state.h">
      <Filter>Header Files\engine headers</Filter>
    </ClInclude>
    <ClInclude Include="Engine\entity_types.h">
      <Filter>Header Files\engine headers</Filter>
    </ClInclude>
    <ClInclude Include="Engine\event_api.h">
      <Filter>Header Files\engine headers</Filter>
    </ClInclude>
    <ClInclude Include="Engine\event_args.h">
      <Filter>Header Files\engine headers</Filter>
    </ClInclude>
    <ClInclude Include="Engine\event_flags.h">
      <Filter>Header Files\engine headers</Filter>
    </ClInclude>
    <ClInclude Include="common\hltv.h">
      <Filter>Header Files\engine headers</Filter>
    </ClInclude>
    <ClInclude Include="Engine\in_buttons.h">
      <Filter>Header Files\engine headers</Filter>
    </ClInclude>
    <ClInclude Include="Engine\ivoicetweak.h">
      <Filter>Header Files\engine headers</Filter>
    </ClInclude>
    <ClInclude Include="Engine\net_api.h">
      <Filter>Header Files\engine headers</Filter>
    </ClInclude>
    <ClInclude Include="Engine\netadr.h">
      <Filter>Header Files\engine headers</Filter>
    </ClInclude>
    <ClInclude Include="Engine\parsemsg.h">
      <Filter>Header Files\engine headers</Filter>
    </ClInclude>
    <ClInclude Include="Engine\particledef.h">
      <Filter>Header Files\engine headers</Filter>
    </ClInclude>
    <ClInclude Include="Engine\pm_defs.h">
      <Filter>Header Files\engine headers</Filter>
    </ClInclude>
    <ClInclude Include="Engine\pm_info.h">
      <Filter>Header Files\engine headers</Filter>
    </ClInclude>
    <ClInclude Include="Engine\pmtrace.h">
      <Filter>Header Files\engine headers</Filter>
    </ClInclude>
    <ClInclude Include="Engine\progdefs.h">
      <Filter>Header Files\engine headers</Filter>
    </ClInclude>
    <ClInclude Include="Engine\progs.h">
      <Filter>Header Files\engine headers</Filter>
    </ClInclude>
    <ClInclude Include="Engine\r_efx.h">
      <Filter>Header Files\engine headers</Filter>
    </ClInclude>
    <ClInclude Include="Engine\r_studioint.h">
      <Filter>Header Files\engine headers</Filter>
    </ClInclude>
    <ClInclude Include="Engine\ref_params.h">
      <Filter>Header Files\engine headers</Filter>
    </ClInclude>
    <ClInclude Include="Engine\screenfade.h">
      <Filter>Header Files\engine headers</Filter>
    </ClInclude>
    <ClInclude Include="Engine\studio.h">
      <Filter>Header Files\engine headers</Filter>
    </ClInclude>
    <ClInclude Include="Engine\studio_event.h">
      <Filter>Header Files\engine headers</Filter>
    </ClInclude>
    <ClInclude Include="Engine\triangleapi.h">
      <Filter>Header Files\engine headers</Filter>
    </ClInclude>
    <ClInclude Include="Engine\usercmd.h">
      <Filter>Header Files\engine headers</Filter>
    </ClInclude>
    <ClInclude Include="Engine\util_vector.h">
      <Filter>Header Files\engine headers</Filter>
    </ClInclude>
    <ClInclude Include="Engine\weaponinfo.h">
      <Filter>Header Files\engine headers</Filter>
    </ClInclude>
    <ClInclude Include="Engine\wrect.h">
      <Filter>Header Files\engine headers</Filter>
    </ClInclude>
    <ClInclude Include="client.h">
      <Filter>Header Files</Filter>
    </ClInclude>
    <ClInclude Include="Engine.h">
      <Filter>Header Files</Filter>
    </ClInclude>
    <ClInclude Include="enginehook.h">
      <Filter>Header Files</Filter>
    </ClInclude>
    <ClInclude Include="hookmessages.h">
      <Filter>Header Files</Filter>
    </ClInclude>
    <ClInclude Include="RedirectFunction.h">
      <Filter>Header Files</Filter>
    </ClInclude>
    <ClInclude Include="Engine\valve-util.h">
      <Filter>Header Files</Filter>
    </ClInclude>
  </ItemGroup>
</Project>